
Microsoft Visual Studio Solution File, Format Version 12.00
Project("{FAE04EC0-301F-11D3-BF4B-00C04F79EFBC}") = "OrganizeMe.API", "OrganizeMe.API\OrganizeMe.API.csproj", "{90715286-6262-4A42-BABC-8CDE8865BFA4}"
EndProject
Project("{2150E333-8FDC-42A3-9474-1A3956D46DE8}") = "Docker", "Docker", "{4BCAD57B-AF3E-4F45-AF8D-C088D632A87E}"
	ProjectSection(SolutionItems) = preProject
		docker-compose.yml = docker-compose.yml
	EndProjectSection
EndProject
Global
	GlobalSection(SolutionConfigurationPlatforms) = preSolution
		Debug|Any CPU = Debug|Any CPU
		Release|Any CPU = Release|Any CPU
	EndGlobalSection
	GlobalSection(ProjectConfigurationPlatforms) = postSolution
		{90715286-6262-4A42-BABC-8CDE8865BFA4}.Debug|Any CPU.ActiveCfg = Debug|Any CPU
		{90715286-6262-4A42-BABC-8CDE8865BFA4}.Debug|Any CPU.Build.0 = Debug|Any CPU
		{90715286-6262-4A42-BABC-8CDE8865BFA4}.Release|Any CPU.ActiveCfg = Release|Any CPU
		{90715286-6262-4A42-BABC-8CDE8865BFA4}.Release|Any CPU.Build.0 = Release|Any CPU
	EndGlobalSection
EndGlobal
